<?xml version="1.0" encoding="utf-8"?>
<Project ToolsVersion="4.0" xmlns="http://schemas.microsoft.com/developer/msbuild/2003">
  <ItemGroup>
    <ClCompile Include="src\camera.c">
      <Filter>src</Filter>
    </ClCompile>
    <ClCompile Include="src\draw.c">
      <Filter>src</Filter>
    </ClCompile>
    <ClCompile Include="src\init.c">
      <Filter>src</Filter>
    </ClCompile>
    <ClCompile Include="src\input.c">
      <Filter>src</Filter>
    </ClCompile>
    <ClCompile Include="src\main.c">
      <Filter>src</Filter>
    </ClCompile>
    <ClCompile Include="src\platform.c">
      <Filter>src</Filter>
    </ClCompile>
    <ClCompile Include="src\player.c">
      <Filter>src</Filter>
    </ClCompile>
    <ClCompile Include="src\sound.c">
      <Filter>src</Filter>
    </ClCompile>
    <ClCompile Include="src\stage.c">
      <Filter>src</Filter>
    </ClCompile>
    <ClCompile Include="src\textures.c">
      <Filter>src</Filter>
    </ClCompile>
    <ClCompile Include="src\common.c">
      <Filter>src</Filter>
    </ClCompile>
    <ClCompile Include="src\portal.c">
      <Filter>src</Filter>
    </ClCompile>
    <ClCompile Include="src\entity.c">
      <Filter>src</Filter>
    </ClCompile>
    <ClCompile Include="src\light.c">
      <Filter>src</Filter>
    </ClCompile>
    <ClCompile Include="src\particle.c">
      <Filter>src</Filter>
    </ClCompile>
    <ClCompile Include="src\pigeon.c">
      <Filter>src</Filter>
    </ClCompile>
    <ClCompile Include="src\crow.c">
      <Filter>src</Filter>
    </ClCompile>
  </ItemGroup>
  <ItemGroup>
    <ClInclude Include="src\camera.h">
      <Filter>src</Filter>
    </ClInclude>
    <ClInclude Include="src\common.h">
      <Filter>src</Filter>
    </ClInclude>
    <ClInclude Include="src\draw.h">
      <Filter>src</Filter>
    </ClInclude>
    <ClInclude Include="src\init.h">
      <Filter>src</Filter>
    </ClInclude>
    <ClInclude Include="src\input.h">
      <Filter>src</Filter>
    </ClInclude>
    <ClInclude Include="src\main.h">
      <Filter>src</Filter>
    </ClInclude>
    <ClInclude Include="src\platform.h">
      <Filter>src</Filter>
    </ClInclude>
    <ClInclude Include="src\player.h">
      <Filter>src</Filter>
    </ClInclude>
    <ClInclude Include="src\sound.h">
      <Filter>src</Filter>
    </ClInclude>
    <ClInclude Include="src\stage.h">
      <Filter>src</Filter>
    </ClInclude>
    <ClInclude Include="src\textures.h">
      <Filter>src</Filter>
    </ClInclude>
    <ClInclude Include="src\portal.h">
      <Filter>src</Filter>
    </ClInclude>
    <ClInclude Include="src\entity.h">
      <Filter>src</Filter>
    </ClInclude>
    <ClInclude Include="src\light.h">
      <Filter>src</Filter>
    </ClInclude>
    <ClInclude Include="src\particle.h">
      <Filter>src</Filter>
    </ClInclude>
    <ClInclude Include="src\pigeon.h">
      <Filter>src</Filter>
    </ClInclude>
    <ClInclude Include="src\crow.h">
      <Filter>src</Filter>
    </ClInclude>
  </ItemGroup>
  <ItemGroup>
    <Image Include="img\tree.png">
      <Filter>img</Filter>
    </Image>
    <Image Include="img\bush.png">
      <Filter>img</Filter>
    </Image>
    <Image Include="img\cloud1.png">
      <Filter>img</Filter>
    </Image>
    <Image Include="img\cloud2.png">
      <Filter>img</Filter>
    </Image>
    <Image Include="img\flowers.png">
      <Filter>img</Filter>
    </Image>
    <Image Include="img\grassplatform.png">
      <Filter>img</Filter>
    </Image>
    <Image Include="img\ground.png">
      <Filter>img</Filter>
    </Image>
    <Image Include="img\landscape.png">
      <Filter>img</Filter>
    </Image>
    <Image Include="img\maple.png">
      <Filter>img</Filter>
    </Image>
    <Image Include="img\playercrouch.png">
      <Filter>img</Filter>
    </Image>
    <Image Include="img\playeridle1.png">
      <Filter>img</Filter>
    </Image>
    <Image Include="img\playeridle2.png">
      <Filter>img</Filter>
    </Image>
    <Image Include="img\playeridle3.png">
      <Filter>img</Filter>
    </Image>
    <Image Include="img\playeridle4.png">
      <Filter>img</Filter>
    </Image>
    <Image Include="img\playerjump.png">
      <Filter>img</Filter>
    </Image>
    <Image Include="img\playerwalk1.png">
      <Filter>img</Filter>
    </Image>
    <Image Include="img\playerwalk2.png">
      <Filter>img</Filter>
    </Image>
    <Image Include="img\playerwalk3.png">
      <Filter>img</Filter>
    </Image>
    <Image Include="img\playerwalk4.png">
      <Filter>img</Filter>
    </Image>
    <Image Include="img\rockplatform.png">
      <Filter>img</Filter>
    </Image>
    <Image Include="img\sky.png">
      <Filter>img</Filter>
    </Image>
    <Image Include="img\smallrockplatform.png">
      <Filter>img</Filter>
    </Image>
    <Image Include="img\pigeonwalk1.png">
      <Filter>img</Filter>
    </Image>
    <Image Include="img\pigeonwalk2.png">
      <Filter>img</Filter>
    </Image>
    <Image Include="img\pigeonwalk3.png">
      <Filter>img</Filter>
    </Image>
    <Image Include="img\pigeonwalk4.png">
      <Filter>img</Filter>
    </Image>
    <Image Include="img\pigeonwalk5.png">
      <Filter>img</Filter>
    </Image>
    <Image Include="img\pigeonwalk6.png">
      <Filter>img</Filter>
    </Image>
    <Image Include="img\pigeonwalk7.png">
      <Filter>img</Filter>
    </Image>
    <Image Include="img\pigeonwalk8.png">
      <Filter>img</Filter>
    </Image>
    <Image Include="img\crowfloat1.png">
      <Filter>img</Filter>
    </Image>
    <Image Include="img\crowfloat2.png">
      <Filter>img</Filter>
    </Image>
    <Image Include="img\crowfloat3.png">
      <Filter>img</Filter>
    </Image>
    <Image Include="img\crowfloat4.png">
      <Filter>img</Filter>
    </Image>
  </ItemGroup>
  <ItemGroup>
    <Filter Include="src">
      <UniqueIdentifier>{4cb8e783-f01c-4aba-a8fb-ef486b897a86}</UniqueIdentifier>
    </Filter>
    <Filter Include="dat">
      <UniqueIdentifier>{1e45fa15-a2d1-4eb1-a564-db35df811840}</UniqueIdentifier>
    </Filter>
    <Filter Include="img">
      <UniqueIdentifier>{a95a6e14-472b-44cd-9bd6-b87d5939751a}</UniqueIdentifier>
    </Filter>
  </ItemGroup>
  <ItemGroup>
    <None Include="dat\1.dat">
      <Filter>dat</Filter>
    </None>
    <None Include="dat\2.dat">
      <Filter>dat</Filter>
    </None>
    <None Include="dat\3.dat">
      <Filter>dat</Filter>
    </None>
    <None Include="dat\4.dat">
      <Filter>dat</Filter>
    </None>
    <None Include="dat\5.dat">
      <Filter>dat</Filter>
    </None>
    <None Include="dat\6.dat">
      <Filter>dat</Filter>
    </None>
  </ItemGroup>
</Project>